
Microsoft Visual Studio Solution File, Format Version 12.00
# Visual Studio Version 16
VisualStudioVersion = 16.0.31624.102
MinimumVisualStudioVersion = 10.0.40219.1
Project("{FAE04EC0-301F-11D3-BF4B-00C04F79EFBC}") = "MoviesProjectSample", "MoviesProjectSample\MoviesProjectSample.csproj", "{94EB1636-0273-46CC-B246-C7E6F7DCFB27}"
EndProject
Global
	GlobalSection(SolutionConfigurationPlatforms) = preSolution
		Debug|Any CPU = Debug|Any CPU
		Release|Any CPU = Release|Any CPU
	EndGlobalSection
	GlobalSection(ProjectConfigurationPlatforms) = postSolution
		{94EB1636-0273-46CC-B246-C7E6F7DCFB27}.Debug|Any CPU.ActiveCfg = Debug|Any CPU
		{94EB1636-0273-46CC-B246-C7E6F7DCFB27}.Debug|Any CPU.Build.0 = Debug|Any CPU
		{94EB1636-0273-46CC-B246-C7E6F7DCFB27}.Release|Any CPU.ActiveCfg = Release|Any CPU
		{94EB1636-0273-46CC-B246-C7E6F7DCFB27}.Release|Any CPU.Build.0 = Release|Any CPU
	EndGlobalSection
	GlobalSection(SolutionProperties) = preSolution
		HideSolutionNode = FALSE
	EndGlobalSection
	GlobalSection(ExtensibilityGlobals) = postSolution
		SolutionGuid = {4CB5FA9A-F899-4504-8996-CA0C16437A11}
	EndGlobalSection
EndGlobal
